{
  "name": "ft_transcendance",
  "lockfileVersion": 3,
  "requires": true,
  "packages": {
    "": {
      "devDependencies": {
        "@types/otplib": "^7.0.0"
      }
    },
    "node_modules/@types/otplib": {
      "version": "7.0.0",
      "resolved": "https://registry.npmjs.org/@types/otplib/-/otplib-7.0.0.tgz",
      "integrity": "sha512-OZFn1eVNRGpaCfVZhTCIeSlHfxXM1oe1qtu9w07hWfH4nHiDo+tI6b6pIrOCNKQN9gYOP2M4Q43YvkT1R50deA==",
      "dev": true,
      "license": "MIT"
    }
  }
}
